
Microsoft Visual Studio Solution File, Format Version 11.00
# Visual Studio 2010
Project("{FAE04EC0-301F-11D3-BF4B-00C04F79EFBC}") = "EventServiceLibrary", "EventServiceLibrary\EventServiceLibrary.csproj", "{687CE0AA-7D17-4CD4-B6DA-4F620D115597}"
EndProject
Project("{FAE04EC0-301F-11D3-BF4B-00C04F79EFBC}") = "EventServiceHost", "EventServiceHost\EventServiceHost.csproj", "{A3B807B6-B82B-49DD-9C2E-3CB6FD0869A8}"
EndProject
Project("{FAE04EC0-301F-11D3-BF4B-00C04F79EFBC}") = "EventClientApp", "EventClientApp\EventClientApp.csproj", "{E1350557-8373-4F1F-9A98-FB9D0ADFD081}"
EndProject
Global
	GlobalSection(SolutionConfigurationPlatforms) = preSolution
		Debug|Any CPU = Debug|Any CPU
		Debug|Mixed Platforms = Debug|Mixed Platforms
		Debug|x86 = Debug|x86
		Release|Any CPU = Release|Any CPU
		Release|Mixed Platforms = Release|Mixed Platforms
		Release|x86 = Release|x86
	EndGlobalSection
	GlobalSection(ProjectConfigurationPlatforms) = postSolution
		{687CE0AA-7D17-4CD4-B6DA-4F620D115597}.Debug|Any CPU.ActiveCfg = Debug|Any CPU
		{687CE0AA-7D17-4CD4-B6DA-4F620D115597}.Debug|Any CPU.Build.0 = Debug|Any CPU
		{687CE0AA-7D17-4CD4-B6DA-4F620D115597}.Debug|Mixed Platforms.ActiveCfg = Debug|Any CPU
		{687CE0AA-7D17-4CD4-B6DA-4F620D115597}.Debug|Mixed Platforms.Build.0 = Debug|Any CPU
		{687CE0AA-7D17-4CD4-B6DA-4F620D115597}.Debug|x86.ActiveCfg = Debug|Any CPU
		{687CE0AA-7D17-4CD4-B6DA-4F620D115597}.Release|Any CPU.ActiveCfg = Release|Any CPU
		{687CE0AA-7D17-4CD4-B6DA-4F620D115597}.Release|Any CPU.Build.0 = Release|Any CPU
		{687CE0AA-7D17-4CD4-B6DA-4F620D115597}.Release|Mixed Platforms.ActiveCfg = Release|Any CPU
		{687CE0AA-7D17-4CD4-B6DA-4F620D115597}.Release|Mixed Platforms.Build.0 = Release|Any CPU
		{687CE0AA-7D17-4CD4-B6DA-4F620D115597}.Release|x86.ActiveCfg = Release|Any CPU
		{A3B807B6-B82B-49DD-9C2E-3CB6FD0869A8}.Debug|Any CPU.ActiveCfg = Debug|x86
		{A3B807B6-B82B-49DD-9C2E-3CB6FD0869A8}.Debug|Mixed Platforms.ActiveCfg = Debug|x86
		{A3B807B6-B82B-49DD-9C2E-3CB6FD0869A8}.Debug|Mixed Platforms.Build.0 = Debug|x86
		{A3B807B6-B82B-49DD-9C2E-3CB6FD0869A8}.Debug|x86.ActiveCfg = Debug|x86
		{A3B807B6-B82B-49DD-9C2E-3CB6FD0869A8}.Debug|x86.Build.0 = Debug|x86
		{A3B807B6-B82B-49DD-9C2E-3CB6FD0869A8}.Release|Any CPU.ActiveCfg = Release|x86
		{A3B807B6-B82B-49DD-9C2E-3CB6FD0869A8}.Release|Mixed Platforms.ActiveCfg = Release|x86
		{A3B807B6-B82B-49DD-9C2E-3CB6FD0869A8}.Release|Mixed Platforms.Build.0 = Release|x86
		{A3B807B6-B82B-49DD-9C2E-3CB6FD0869A8}.Release|x86.ActiveCfg = Release|x86
		{A3B807B6-B82B-49DD-9C2E-3CB6FD0869A8}.Release|x86.Build.0 = Release|x86
		{E1350557-8373-4F1F-9A98-FB9D0ADFD081}.Debug|Any CPU.ActiveCfg = Debug|x86
		{E1350557-8373-4F1F-9A98-FB9D0ADFD081}.Debug|Mixed Platforms.ActiveCfg = Debug|x86
		{E1350557-8373-4F1F-9A98-FB9D0ADFD081}.Debug|Mixed Platforms.Build.0 = Debug|x86
		{E1350557-8373-4F1F-9A98-FB9D0ADFD081}.Debug|x86.ActiveCfg = Debug|x86
		{E1350557-8373-4F1F-9A98-FB9D0ADFD081}.Debug|x86.Build.0 = Debug|x86
		{E1350557-8373-4F1F-9A98-FB9D0ADFD081}.Release|Any CPU.ActiveCfg = Release|x86
		{E1350557-8373-4F1F-9A98-FB9D0ADFD081}.Release|Mixed Platforms.ActiveCfg = Release|x86
		{E1350557-8373-4F1F-9A98-FB9D0ADFD081}.Release|Mixed Platforms.Build.0 = Release|x86
		{E1350557-8373-4F1F-9A98-FB9D0ADFD081}.Release|x86.ActiveCfg = Release|x86
		{E1350557-8373-4F1F-9A98-FB9D0ADFD081}.Release|x86.Build.0 = Release|x86
	EndGlobalSection
	GlobalSection(SolutionProperties) = preSolution
		HideSolutionNode = FALSE
	EndGlobalSection
EndGlobal
