
Microsoft Visual Studio Solution File, Format Version 12.00
# Visual Studio 14
VisualStudioVersion = 14.0.25123.0
MinimumVisualStudioVersion = 10.0.40219.1
Project("{FAE04EC0-301F-11D3-BF4B-00C04F79EFBC}") = "MyServiceApp", "MyServiceApp\MyServiceApp.csproj", "{AB86AF71-ACA3-4AD7-B354-F29471AB4A04}"
EndProject
Project("{FAE04EC0-301F-11D3-BF4B-00C04F79EFBC}") = "NorthwindLibrary", "NorthwindLibrary\NorthwindLibrary.csproj", "{5607B43D-7EA8-4B6B-9097-A311E3D804FB}"
EndProject
Project("{FAE04EC0-301F-11D3-BF4B-00C04F79EFBC}") = "NorthwindClientApp", "NorthwindClientApp\NorthwindClientApp.csproj", "{9C943307-71BB-43A5-9972-A72A465B203A}"
	ProjectSection(ProjectDependencies) = postProject
		{AB86AF71-ACA3-4AD7-B354-F29471AB4A04} = {AB86AF71-ACA3-4AD7-B354-F29471AB4A04}
	EndProjectSection
EndProject
Global
	GlobalSection(SolutionConfigurationPlatforms) = preSolution
		Debug|Any CPU = Debug|Any CPU
		Debug|Mixed Platforms = Debug|Mixed Platforms
		Debug|x86 = Debug|x86
		Release|Any CPU = Release|Any CPU
		Release|Mixed Platforms = Release|Mixed Platforms
		Release|x86 = Release|x86
	EndGlobalSection
	GlobalSection(ProjectConfigurationPlatforms) = postSolution
		{AB86AF71-ACA3-4AD7-B354-F29471AB4A04}.Debug|Any CPU.ActiveCfg = Debug|Any CPU
		{AB86AF71-ACA3-4AD7-B354-F29471AB4A04}.Debug|Any CPU.Build.0 = Debug|Any CPU
		{AB86AF71-ACA3-4AD7-B354-F29471AB4A04}.Debug|Mixed Platforms.ActiveCfg = Debug|Any CPU
		{AB86AF71-ACA3-4AD7-B354-F29471AB4A04}.Debug|Mixed Platforms.Build.0 = Debug|Any CPU
		{AB86AF71-ACA3-4AD7-B354-F29471AB4A04}.Debug|x86.ActiveCfg = Debug|Any CPU
		{AB86AF71-ACA3-4AD7-B354-F29471AB4A04}.Release|Any CPU.ActiveCfg = Release|Any CPU
		{AB86AF71-ACA3-4AD7-B354-F29471AB4A04}.Release|Any CPU.Build.0 = Release|Any CPU
		{AB86AF71-ACA3-4AD7-B354-F29471AB4A04}.Release|Mixed Platforms.ActiveCfg = Release|Any CPU
		{AB86AF71-ACA3-4AD7-B354-F29471AB4A04}.Release|Mixed Platforms.Build.0 = Release|Any CPU
		{AB86AF71-ACA3-4AD7-B354-F29471AB4A04}.Release|x86.ActiveCfg = Release|Any CPU
		{5607B43D-7EA8-4B6B-9097-A311E3D804FB}.Debug|Any CPU.ActiveCfg = Debug|Any CPU
		{5607B43D-7EA8-4B6B-9097-A311E3D804FB}.Debug|Any CPU.Build.0 = Debug|Any CPU
		{5607B43D-7EA8-4B6B-9097-A311E3D804FB}.Debug|Mixed Platforms.ActiveCfg = Debug|Any CPU
		{5607B43D-7EA8-4B6B-9097-A311E3D804FB}.Debug|Mixed Platforms.Build.0 = Debug|Any CPU
		{5607B43D-7EA8-4B6B-9097-A311E3D804FB}.Debug|x86.ActiveCfg = Debug|Any CPU
		{5607B43D-7EA8-4B6B-9097-A311E3D804FB}.Release|Any CPU.ActiveCfg = Release|Any CPU
		{5607B43D-7EA8-4B6B-9097-A311E3D804FB}.Release|Any CPU.Build.0 = Release|Any CPU
		{5607B43D-7EA8-4B6B-9097-A311E3D804FB}.Release|Mixed Platforms.ActiveCfg = Release|Any CPU
		{5607B43D-7EA8-4B6B-9097-A311E3D804FB}.Release|Mixed Platforms.Build.0 = Release|Any CPU
		{5607B43D-7EA8-4B6B-9097-A311E3D804FB}.Release|x86.ActiveCfg = Release|Any CPU
		{9C943307-71BB-43A5-9972-A72A465B203A}.Debug|Any CPU.ActiveCfg = Debug|x86
		{9C943307-71BB-43A5-9972-A72A465B203A}.Debug|Mixed Platforms.ActiveCfg = Debug|x86
		{9C943307-71BB-43A5-9972-A72A465B203A}.Debug|Mixed Platforms.Build.0 = Debug|x86
		{9C943307-71BB-43A5-9972-A72A465B203A}.Debug|x86.ActiveCfg = Debug|x86
		{9C943307-71BB-43A5-9972-A72A465B203A}.Debug|x86.Build.0 = Debug|x86
		{9C943307-71BB-43A5-9972-A72A465B203A}.Release|Any CPU.ActiveCfg = Release|x86
		{9C943307-71BB-43A5-9972-A72A465B203A}.Release|Mixed Platforms.ActiveCfg = Release|x86
		{9C943307-71BB-43A5-9972-A72A465B203A}.Release|Mixed Platforms.Build.0 = Release|x86
		{9C943307-71BB-43A5-9972-A72A465B203A}.Release|x86.ActiveCfg = Release|x86
		{9C943307-71BB-43A5-9972-A72A465B203A}.Release|x86.Build.0 = Release|x86
	EndGlobalSection
	GlobalSection(SolutionProperties) = preSolution
		HideSolutionNode = FALSE
	EndGlobalSection
EndGlobal
