
Microsoft Visual Studio Solution File, Format Version 11.00
# Visual Studio 2010
Project("{FAE04EC0-301F-11D3-BF4B-00C04F79EFBC}") = "IEnumarable impelemented in Class", "IEnumarable impelemented in Class\IEnumarable impelemented in Class.csproj", "{47F5EC93-6377-4C9B-A2B4-D30F3E107551}"
EndProject
Global
	GlobalSection(SolutionConfigurationPlatforms) = preSolution
		Debug|x86 = Debug|x86
		Release|x86 = Release|x86
	EndGlobalSection
	GlobalSection(ProjectConfigurationPlatforms) = postSolution
		{47F5EC93-6377-4C9B-A2B4-D30F3E107551}.Debug|x86.ActiveCfg = Debug|x86
		{47F5EC93-6377-4C9B-A2B4-D30F3E107551}.Debug|x86.Build.0 = Debug|x86
		{47F5EC93-6377-4C9B-A2B4-D30F3E107551}.Release|x86.ActiveCfg = Release|x86
		{47F5EC93-6377-4C9B-A2B4-D30F3E107551}.Release|x86.Build.0 = Release|x86
	EndGlobalSection
	GlobalSection(SolutionProperties) = preSolution
		HideSolutionNode = FALSE
	EndGlobalSection
EndGlobal
