
Microsoft Visual Studio Solution File, Format Version 12.00
# Visual Studio 14
VisualStudioVersion = 14.0.25123.0
MinimumVisualStudioVersion = 10.0.40219.1
Project("{FAE04EC0-301F-11D3-BF4B-00C04F79EFBC}") = "NorthwindLibrary", "NorthwindLibrary\NorthwindLibrary.csproj", "{D6CF8F58-8916-4A38-9394-B9F45CF6AF12}"
EndProject
Project("{FAE04EC0-301F-11D3-BF4B-00C04F79EFBC}") = "NorthwindServiceLibrary", "NorthwindServiceLibrary\NorthwindServiceLibrary.csproj", "{1F46B46D-705E-4BCF-AA5C-AD4640C06519}"
EndProject
Project("{FAE04EC0-301F-11D3-BF4B-00C04F79EFBC}") = "SurrogeteLibrary", "SurrogeteLibrary\SurrogeteLibrary.csproj", "{DFC5B1AA-F6A6-460E-8EB3-D4952E9095D5}"
EndProject
Project("{FAE04EC0-301F-11D3-BF4B-00C04F79EFBC}") = "NorthwindServiceApp", "NorthwindServiceApp\NorthwindServiceApp.csproj", "{11AD282E-4191-414C-BECB-66B7A969F966}"
EndProject
Project("{FAE04EC0-301F-11D3-BF4B-00C04F79EFBC}") = "NorthwindClientApp", "NorthwindClientApp\NorthwindClientApp.csproj", "{7E3FA65B-DB78-4034-8391-307D4341C862}"
	ProjectSection(ProjectDependencies) = postProject
		{11AD282E-4191-414C-BECB-66B7A969F966} = {11AD282E-4191-414C-BECB-66B7A969F966}
	EndProjectSection
EndProject
Global
	GlobalSection(SolutionConfigurationPlatforms) = preSolution
		Debug|Any CPU = Debug|Any CPU
		Debug|Mixed Platforms = Debug|Mixed Platforms
		Debug|x86 = Debug|x86
		Release|Any CPU = Release|Any CPU
		Release|Mixed Platforms = Release|Mixed Platforms
		Release|x86 = Release|x86
	EndGlobalSection
	GlobalSection(ProjectConfigurationPlatforms) = postSolution
		{D6CF8F58-8916-4A38-9394-B9F45CF6AF12}.Debug|Any CPU.ActiveCfg = Debug|Any CPU
		{D6CF8F58-8916-4A38-9394-B9F45CF6AF12}.Debug|Any CPU.Build.0 = Debug|Any CPU
		{D6CF8F58-8916-4A38-9394-B9F45CF6AF12}.Debug|Mixed Platforms.ActiveCfg = Debug|Any CPU
		{D6CF8F58-8916-4A38-9394-B9F45CF6AF12}.Debug|Mixed Platforms.Build.0 = Debug|Any CPU
		{D6CF8F58-8916-4A38-9394-B9F45CF6AF12}.Debug|x86.ActiveCfg = Debug|Any CPU
		{D6CF8F58-8916-4A38-9394-B9F45CF6AF12}.Release|Any CPU.ActiveCfg = Release|Any CPU
		{D6CF8F58-8916-4A38-9394-B9F45CF6AF12}.Release|Any CPU.Build.0 = Release|Any CPU
		{D6CF8F58-8916-4A38-9394-B9F45CF6AF12}.Release|Mixed Platforms.ActiveCfg = Release|Any CPU
		{D6CF8F58-8916-4A38-9394-B9F45CF6AF12}.Release|Mixed Platforms.Build.0 = Release|Any CPU
		{D6CF8F58-8916-4A38-9394-B9F45CF6AF12}.Release|x86.ActiveCfg = Release|Any CPU
		{1F46B46D-705E-4BCF-AA5C-AD4640C06519}.Debug|Any CPU.ActiveCfg = Debug|Any CPU
		{1F46B46D-705E-4BCF-AA5C-AD4640C06519}.Debug|Any CPU.Build.0 = Debug|Any CPU
		{1F46B46D-705E-4BCF-AA5C-AD4640C06519}.Debug|Mixed Platforms.ActiveCfg = Debug|Any CPU
		{1F46B46D-705E-4BCF-AA5C-AD4640C06519}.Debug|Mixed Platforms.Build.0 = Debug|Any CPU
		{1F46B46D-705E-4BCF-AA5C-AD4640C06519}.Debug|x86.ActiveCfg = Debug|Any CPU
		{1F46B46D-705E-4BCF-AA5C-AD4640C06519}.Release|Any CPU.ActiveCfg = Release|Any CPU
		{1F46B46D-705E-4BCF-AA5C-AD4640C06519}.Release|Any CPU.Build.0 = Release|Any CPU
		{1F46B46D-705E-4BCF-AA5C-AD4640C06519}.Release|Mixed Platforms.ActiveCfg = Release|Any CPU
		{1F46B46D-705E-4BCF-AA5C-AD4640C06519}.Release|Mixed Platforms.Build.0 = Release|Any CPU
		{1F46B46D-705E-4BCF-AA5C-AD4640C06519}.Release|x86.ActiveCfg = Release|Any CPU
		{DFC5B1AA-F6A6-460E-8EB3-D4952E9095D5}.Debug|Any CPU.ActiveCfg = Debug|Any CPU
		{DFC5B1AA-F6A6-460E-8EB3-D4952E9095D5}.Debug|Any CPU.Build.0 = Debug|Any CPU
		{DFC5B1AA-F6A6-460E-8EB3-D4952E9095D5}.Debug|Mixed Platforms.ActiveCfg = Debug|Any CPU
		{DFC5B1AA-F6A6-460E-8EB3-D4952E9095D5}.Debug|Mixed Platforms.Build.0 = Debug|Any CPU
		{DFC5B1AA-F6A6-460E-8EB3-D4952E9095D5}.Debug|x86.ActiveCfg = Debug|Any CPU
		{DFC5B1AA-F6A6-460E-8EB3-D4952E9095D5}.Release|Any CPU.ActiveCfg = Release|Any CPU
		{DFC5B1AA-F6A6-460E-8EB3-D4952E9095D5}.Release|Any CPU.Build.0 = Release|Any CPU
		{DFC5B1AA-F6A6-460E-8EB3-D4952E9095D5}.Release|Mixed Platforms.ActiveCfg = Release|Any CPU
		{DFC5B1AA-F6A6-460E-8EB3-D4952E9095D5}.Release|Mixed Platforms.Build.0 = Release|Any CPU
		{DFC5B1AA-F6A6-460E-8EB3-D4952E9095D5}.Release|x86.ActiveCfg = Release|Any CPU
		{11AD282E-4191-414C-BECB-66B7A969F966}.Debug|Any CPU.ActiveCfg = Debug|Any CPU
		{11AD282E-4191-414C-BECB-66B7A969F966}.Debug|Any CPU.Build.0 = Debug|Any CPU
		{11AD282E-4191-414C-BECB-66B7A969F966}.Debug|Mixed Platforms.ActiveCfg = Debug|Any CPU
		{11AD282E-4191-414C-BECB-66B7A969F966}.Debug|Mixed Platforms.Build.0 = Debug|Any CPU
		{11AD282E-4191-414C-BECB-66B7A969F966}.Debug|x86.ActiveCfg = Debug|Any CPU
		{11AD282E-4191-414C-BECB-66B7A969F966}.Release|Any CPU.ActiveCfg = Release|Any CPU
		{11AD282E-4191-414C-BECB-66B7A969F966}.Release|Any CPU.Build.0 = Release|Any CPU
		{11AD282E-4191-414C-BECB-66B7A969F966}.Release|Mixed Platforms.ActiveCfg = Release|Any CPU
		{11AD282E-4191-414C-BECB-66B7A969F966}.Release|Mixed Platforms.Build.0 = Release|Any CPU
		{11AD282E-4191-414C-BECB-66B7A969F966}.Release|x86.ActiveCfg = Release|Any CPU
		{7E3FA65B-DB78-4034-8391-307D4341C862}.Debug|Any CPU.ActiveCfg = Debug|x86
		{7E3FA65B-DB78-4034-8391-307D4341C862}.Debug|Mixed Platforms.ActiveCfg = Debug|x86
		{7E3FA65B-DB78-4034-8391-307D4341C862}.Debug|Mixed Platforms.Build.0 = Debug|x86
		{7E3FA65B-DB78-4034-8391-307D4341C862}.Debug|x86.ActiveCfg = Debug|x86
		{7E3FA65B-DB78-4034-8391-307D4341C862}.Debug|x86.Build.0 = Debug|x86
		{7E3FA65B-DB78-4034-8391-307D4341C862}.Release|Any CPU.ActiveCfg = Release|x86
		{7E3FA65B-DB78-4034-8391-307D4341C862}.Release|Mixed Platforms.ActiveCfg = Release|x86
		{7E3FA65B-DB78-4034-8391-307D4341C862}.Release|Mixed Platforms.Build.0 = Release|x86
		{7E3FA65B-DB78-4034-8391-307D4341C862}.Release|x86.ActiveCfg = Release|x86
		{7E3FA65B-DB78-4034-8391-307D4341C862}.Release|x86.Build.0 = Release|x86
	EndGlobalSection
	GlobalSection(SolutionProperties) = preSolution
		HideSolutionNode = FALSE
	EndGlobalSection
EndGlobal
