
Microsoft Visual Studio Solution File, Format Version 12.00
# Visual Studio 2013
VisualStudioVersion = 12.0.21005.1
MinimumVisualStudioVersion = 10.0.40219.1
Project("{FAE04EC0-301F-11D3-BF4B-00C04F79EFBC}") = "GokFramework.ConsoleForTest", "GokFramework.ConsoleForTest\GokFramework.ConsoleForTest.csproj", "{70831F86-0447-44CF-AEC7-1B40E49DDFEB}"
EndProject
Project("{FAE04EC0-301F-11D3-BF4B-00C04F79EFBC}") = "GokFramework.IoCContainer", "GokFramework.IoCContainer\GokFramework.IoCContainer.csproj", "{4B129C79-6576-458A-8D70-10A531D5B9B2}"
EndProject
Project("{FAE04EC0-301F-11D3-BF4B-00C04F79EFBC}") = "GokFramework.Logger", "GokFramework.Logger\GokFramework.Logger.csproj", "{240CA404-4CAF-44A6-8BE2-1CDC9A30C2B5}"
EndProject
Global
	GlobalSection(SolutionConfigurationPlatforms) = preSolution
		Debug|Any CPU = Debug|Any CPU
		Release|Any CPU = Release|Any CPU
	EndGlobalSection
	GlobalSection(ProjectConfigurationPlatforms) = postSolution
		{70831F86-0447-44CF-AEC7-1B40E49DDFEB}.Debug|Any CPU.ActiveCfg = Debug|Any CPU
		{70831F86-0447-44CF-AEC7-1B40E49DDFEB}.Debug|Any CPU.Build.0 = Debug|Any CPU
		{70831F86-0447-44CF-AEC7-1B40E49DDFEB}.Release|Any CPU.ActiveCfg = Release|Any CPU
		{70831F86-0447-44CF-AEC7-1B40E49DDFEB}.Release|Any CPU.Build.0 = Release|Any CPU
		{4B129C79-6576-458A-8D70-10A531D5B9B2}.Debug|Any CPU.ActiveCfg = Debug|Any CPU
		{4B129C79-6576-458A-8D70-10A531D5B9B2}.Debug|Any CPU.Build.0 = Debug|Any CPU
		{4B129C79-6576-458A-8D70-10A531D5B9B2}.Release|Any CPU.ActiveCfg = Release|Any CPU
		{4B129C79-6576-458A-8D70-10A531D5B9B2}.Release|Any CPU.Build.0 = Release|Any CPU
		{240CA404-4CAF-44A6-8BE2-1CDC9A30C2B5}.Debug|Any CPU.ActiveCfg = Debug|Any CPU
		{240CA404-4CAF-44A6-8BE2-1CDC9A30C2B5}.Debug|Any CPU.Build.0 = Debug|Any CPU
		{240CA404-4CAF-44A6-8BE2-1CDC9A30C2B5}.Release|Any CPU.ActiveCfg = Release|Any CPU
		{240CA404-4CAF-44A6-8BE2-1CDC9A30C2B5}.Release|Any CPU.Build.0 = Release|Any CPU
	EndGlobalSection
	GlobalSection(SolutionProperties) = preSolution
		HideSolutionNode = FALSE
	EndGlobalSection
EndGlobal
