
Microsoft Visual Studio Solution File, Format Version 11.00
# Visual Studio 2010
Project("{FAE04EC0-301F-11D3-BF4B-00C04F79EFBC}") = "Film Analiz (IMDB)", "Film Analiz (IMDB)\Film Analiz (IMDB).csproj", "{24991E12-F7A9-45B5-A28F-106702BEC063}"
EndProject
Global
	GlobalSection(SolutionConfigurationPlatforms) = preSolution
		Debug|x86 = Debug|x86
		Release|x86 = Release|x86
	EndGlobalSection
	GlobalSection(ProjectConfigurationPlatforms) = postSolution
		{24991E12-F7A9-45B5-A28F-106702BEC063}.Debug|x86.ActiveCfg = Debug|x86
		{24991E12-F7A9-45B5-A28F-106702BEC063}.Debug|x86.Build.0 = Debug|x86
		{24991E12-F7A9-45B5-A28F-106702BEC063}.Release|x86.ActiveCfg = Release|x86
		{24991E12-F7A9-45B5-A28F-106702BEC063}.Release|x86.Build.0 = Release|x86
	EndGlobalSection
	GlobalSection(SolutionProperties) = preSolution
		HideSolutionNode = FALSE
	EndGlobalSection
EndGlobal
