
Microsoft Visual Studio Solution File, Format Version 12.00
# Visual Studio 14
VisualStudioVersion = 14.0.25123.0
MinimumVisualStudioVersion = 10.0.40219.1
Project("{FAE04EC0-301F-11D3-BF4B-00C04F79EFBC}") = "ProductsApp", "ProductsApp\ProductsApp.csproj", "{681B35C0-2B0F-403D-BA23-99B3318214A2}"
EndProject
Project("{FAE04EC0-301F-11D3-BF4B-00C04F79EFBC}") = "CitysApp", "CitysApp\CitysApp.csproj", "{889BDC1D-3A25-44C3-A57A-744695A9C5BC}"
EndProject
Global
	GlobalSection(SolutionConfigurationPlatforms) = preSolution
		Debug|Any CPU = Debug|Any CPU
		Release|Any CPU = Release|Any CPU
	EndGlobalSection
	GlobalSection(ProjectConfigurationPlatforms) = postSolution
		{681B35C0-2B0F-403D-BA23-99B3318214A2}.Debug|Any CPU.ActiveCfg = Debug|Any CPU
		{681B35C0-2B0F-403D-BA23-99B3318214A2}.Debug|Any CPU.Build.0 = Debug|Any CPU
		{681B35C0-2B0F-403D-BA23-99B3318214A2}.Release|Any CPU.ActiveCfg = Release|Any CPU
		{681B35C0-2B0F-403D-BA23-99B3318214A2}.Release|Any CPU.Build.0 = Release|Any CPU
		{889BDC1D-3A25-44C3-A57A-744695A9C5BC}.Debug|Any CPU.ActiveCfg = Debug|Any CPU
		{889BDC1D-3A25-44C3-A57A-744695A9C5BC}.Debug|Any CPU.Build.0 = Debug|Any CPU
		{889BDC1D-3A25-44C3-A57A-744695A9C5BC}.Release|Any CPU.ActiveCfg = Release|Any CPU
		{889BDC1D-3A25-44C3-A57A-744695A9C5BC}.Release|Any CPU.Build.0 = Release|Any CPU
	EndGlobalSection
	GlobalSection(SolutionProperties) = preSolution
		HideSolutionNode = FALSE
	EndGlobalSection
EndGlobal
