
Microsoft Visual Studio Solution File, Format Version 11.00
# Visual Studio 2010
Project("{FAE04EC0-301F-11D3-BF4B-00C04F79EFBC}") = "WpfBook5 (Brushes)", "WpfBook5 (Brushes)\WpfBook5 (Brushes).csproj", "{30C73BD9-2CBC-4D11-9321-D2BF5768EDAE}"
EndProject
Global
	GlobalSection(SolutionConfigurationPlatforms) = preSolution
		Debug|x86 = Debug|x86
		Release|x86 = Release|x86
	EndGlobalSection
	GlobalSection(ProjectConfigurationPlatforms) = postSolution
		{30C73BD9-2CBC-4D11-9321-D2BF5768EDAE}.Debug|x86.ActiveCfg = Debug|x86
		{30C73BD9-2CBC-4D11-9321-D2BF5768EDAE}.Debug|x86.Build.0 = Debug|x86
		{30C73BD9-2CBC-4D11-9321-D2BF5768EDAE}.Release|x86.ActiveCfg = Release|x86
		{30C73BD9-2CBC-4D11-9321-D2BF5768EDAE}.Release|x86.Build.0 = Release|x86
	EndGlobalSection
	GlobalSection(SolutionProperties) = preSolution
		HideSolutionNode = FALSE
	EndGlobalSection
EndGlobal
