
Microsoft Visual Studio Solution File, Format Version 11.00
# Visual Studio 2010
Project("{FAE04EC0-301F-11D3-BF4B-00C04F79EFBC}") = "Reflection", "Reflection\Reflection.csproj", "{21700BC1-2FEC-4F44-88EF-0B1D1B08B262}"
EndProject
Global
	GlobalSection(SolutionConfigurationPlatforms) = preSolution
		Debug|x86 = Debug|x86
		Release|x86 = Release|x86
	EndGlobalSection
	GlobalSection(ProjectConfigurationPlatforms) = postSolution
		{21700BC1-2FEC-4F44-88EF-0B1D1B08B262}.Debug|x86.ActiveCfg = Debug|x86
		{21700BC1-2FEC-4F44-88EF-0B1D1B08B262}.Debug|x86.Build.0 = Debug|x86
		{21700BC1-2FEC-4F44-88EF-0B1D1B08B262}.Release|x86.ActiveCfg = Release|x86
		{21700BC1-2FEC-4F44-88EF-0B1D1B08B262}.Release|x86.Build.0 = Release|x86
	EndGlobalSection
	GlobalSection(SolutionProperties) = preSolution
		HideSolutionNode = FALSE
	EndGlobalSection
EndGlobal
