
Microsoft Visual Studio Solution File, Format Version 12.00
# Visual Studio 14
VisualStudioVersion = 14.0.25123.0
MinimumVisualStudioVersion = 10.0.40219.1
Project("{FAE04EC0-301F-11D3-BF4B-00C04F79EFBC}") = "LinqToSql", "LinqToSql\LinqToSql.csproj", "{17ABA638-AE47-4F87-B07D-2CCBCDFAB97D}"
EndProject
Project("{FAE04EC0-301F-11D3-BF4B-00C04F79EFBC}") = "EntityFramework", "Entity\EntityFramework.csproj", "{42AA0812-7797-472E-B8EA-4A09BCC17FA4}"
EndProject
Project("{FAE04EC0-301F-11D3-BF4B-00C04F79EFBC}") = "EntityFrameworkFromExistingDbCodeFirst", "EntityFrameworkFromExistingDbCodeFirst\EntityFrameworkFromExistingDbCodeFirst.csproj", "{3C457175-34BD-4885-A5CB-214663A293D5}"
EndProject
Project("{FAE04EC0-301F-11D3-BF4B-00C04F79EFBC}") = "AdoNet", "AdoNet\AdoNet.csproj", "{191829D0-8436-4D61-B9D9-398A370C8091}"
EndProject
Global
	GlobalSection(SolutionConfigurationPlatforms) = preSolution
		Debug|Any CPU = Debug|Any CPU
		Release|Any CPU = Release|Any CPU
	EndGlobalSection
	GlobalSection(ProjectConfigurationPlatforms) = postSolution
		{17ABA638-AE47-4F87-B07D-2CCBCDFAB97D}.Debug|Any CPU.ActiveCfg = Debug|Any CPU
		{17ABA638-AE47-4F87-B07D-2CCBCDFAB97D}.Debug|Any CPU.Build.0 = Debug|Any CPU
		{17ABA638-AE47-4F87-B07D-2CCBCDFAB97D}.Release|Any CPU.ActiveCfg = Release|Any CPU
		{17ABA638-AE47-4F87-B07D-2CCBCDFAB97D}.Release|Any CPU.Build.0 = Release|Any CPU
		{42AA0812-7797-472E-B8EA-4A09BCC17FA4}.Debug|Any CPU.ActiveCfg = Debug|Any CPU
		{42AA0812-7797-472E-B8EA-4A09BCC17FA4}.Debug|Any CPU.Build.0 = Debug|Any CPU
		{42AA0812-7797-472E-B8EA-4A09BCC17FA4}.Release|Any CPU.ActiveCfg = Release|Any CPU
		{42AA0812-7797-472E-B8EA-4A09BCC17FA4}.Release|Any CPU.Build.0 = Release|Any CPU
		{3C457175-34BD-4885-A5CB-214663A293D5}.Debug|Any CPU.ActiveCfg = Debug|Any CPU
		{3C457175-34BD-4885-A5CB-214663A293D5}.Debug|Any CPU.Build.0 = Debug|Any CPU
		{3C457175-34BD-4885-A5CB-214663A293D5}.Release|Any CPU.ActiveCfg = Release|Any CPU
		{3C457175-34BD-4885-A5CB-214663A293D5}.Release|Any CPU.Build.0 = Release|Any CPU
		{191829D0-8436-4D61-B9D9-398A370C8091}.Debug|Any CPU.ActiveCfg = Debug|Any CPU
		{191829D0-8436-4D61-B9D9-398A370C8091}.Debug|Any CPU.Build.0 = Debug|Any CPU
		{191829D0-8436-4D61-B9D9-398A370C8091}.Release|Any CPU.ActiveCfg = Release|Any CPU
		{191829D0-8436-4D61-B9D9-398A370C8091}.Release|Any CPU.Build.0 = Release|Any CPU
	EndGlobalSection
	GlobalSection(SolutionProperties) = preSolution
		HideSolutionNode = FALSE
	EndGlobalSection
EndGlobal
