
Microsoft Visual Studio Solution File, Format Version 11.00
# Visual Studio 2010
Project("{FAE04EC0-301F-11D3-BF4B-00C04F79EFBC}") = "Chain Of Responsibilty", "Chain Of Responsibilty\Chain Of Responsibilty.csproj", "{6B50DC18-8E67-484E-A259-522BBFFEF63B}"
EndProject
Global
	GlobalSection(SolutionConfigurationPlatforms) = preSolution
		Debug|x86 = Debug|x86
		Release|x86 = Release|x86
	EndGlobalSection
	GlobalSection(ProjectConfigurationPlatforms) = postSolution
		{6B50DC18-8E67-484E-A259-522BBFFEF63B}.Debug|x86.ActiveCfg = Debug|x86
		{6B50DC18-8E67-484E-A259-522BBFFEF63B}.Debug|x86.Build.0 = Debug|x86
		{6B50DC18-8E67-484E-A259-522BBFFEF63B}.Release|x86.ActiveCfg = Release|x86
		{6B50DC18-8E67-484E-A259-522BBFFEF63B}.Release|x86.Build.0 = Release|x86
	EndGlobalSection
	GlobalSection(SolutionProperties) = preSolution
		HideSolutionNode = FALSE
	EndGlobalSection
EndGlobal
