
Microsoft Visual Studio Solution File, Format Version 11.00
# Visual Studio 2010
Project("{FAE04EC0-301F-11D3-BF4B-00C04F79EFBC}") = "Delagate_Araba", "Delagate_Araba\Delagate_Araba.csproj", "{78391CCA-151C-4D39-9DE9-A356A21B1E9B}"
EndProject
Global
	GlobalSection(SolutionConfigurationPlatforms) = preSolution
		Debug|x86 = Debug|x86
		Release|x86 = Release|x86
	EndGlobalSection
	GlobalSection(ProjectConfigurationPlatforms) = postSolution
		{78391CCA-151C-4D39-9DE9-A356A21B1E9B}.Debug|x86.ActiveCfg = Debug|x86
		{78391CCA-151C-4D39-9DE9-A356A21B1E9B}.Debug|x86.Build.0 = Debug|x86
		{78391CCA-151C-4D39-9DE9-A356A21B1E9B}.Release|x86.ActiveCfg = Release|x86
		{78391CCA-151C-4D39-9DE9-A356A21B1E9B}.Release|x86.Build.0 = Release|x86
	EndGlobalSection
	GlobalSection(SolutionProperties) = preSolution
		HideSolutionNode = FALSE
	EndGlobalSection
EndGlobal
